
Microsoft Visual Studio Solution File, Format Version 12.00
# Visual Studio 16
Project("{FAE04EC0-301F-11D3-BF4B-00C04F79EFBC}") = "Assembly-CSharp", "Assembly-CSharp.csproj", "{F96648AA-2E24-5456-6E34-B50EDE2C9AEB}"
EndProject
Global
	GlobalSection(SolutionConfigurationPlatforms) = preSolution
		Debug|Any CPU = Debug|Any CPU
		Release|Any CPU = Release|Any CPU
	EndGlobalSection
	GlobalSection(ProjectConfigurationPlatforms) = postSolution
		{F96648AA-2E24-5456-6E34-B50EDE2C9AEB}.Debug|Any CPU.ActiveCfg = Debug|Any CPU
		{F96648AA-2E24-5456-6E34-B50EDE2C9AEB}.Debug|Any CPU.Build.0 = Debug|Any CPU
		{F96648AA-2E24-5456-6E34-B50EDE2C9AEB}.Release|Any CPU.ActiveCfg = Release|Any CPU
		{F96648AA-2E24-5456-6E34-B50EDE2C9AEB}.Release|Any CPU.Build.0 = Release|Any CPU
	EndGlobalSection
	GlobalSection(SolutionProperties) = preSolution
		HideSolutionNode = FALSE
	EndGlobalSection
	GlobalSection(MonoDevelopProperties) = preSolution
		StartupItem = Assembly-CSharp.csproj
	EndGlobalSection
EndGlobal
